{
  "requires": true,
  "lockfileVersion": 1,
  "dependencies": {
    "rfc4122": {
      "version": "1.0.6",
      "resolved": "https://registry.npmjs.org/rfc4122/-/rfc4122-1.0.6.tgz",
      "integrity": "sha512-ZO9UA3pXAzhJEL5l8NT01yeivBwl09jFATa5Do6JbvUxJ6sabQuGIxDWWbolJiu3c5IyihSgXsqzs6s1/on4AQ=="
    }
  }
}
